
Microsoft Visual Studio Solution File, Format Version 12.00
# Visual Studio Version 16
VisualStudioVersion = 16.0.31605.320
MinimumVisualStudioVersion = 10.0.40219.1
Project("{FAE04EC0-301F-11D3-BF4B-00C04F79EFBC}") = "Krystal", "Krystal\Krystal.csproj", "{DB5F93D4-C188-43FC-AC9B-90C4709FD77D}"
EndProject
Global
	GlobalSection(SolutionConfigurationPlatforms) = preSolution
		Debug|Any CPU = Debug|Any CPU
		Release|Any CPU = Release|Any CPU
	EndGlobalSection
	GlobalSection(ProjectConfigurationPlatforms) = postSolution
		{DB5F93D4-C188-43FC-AC9B-90C4709FD77D}.Debug|Any CPU.ActiveCfg = Debug|Any CPU
		{DB5F93D4-C188-43FC-AC9B-90C4709FD77D}.Debug|Any CPU.Build.0 = Debug|Any CPU
		{DB5F93D4-C188-43FC-AC9B-90C4709FD77D}.Release|Any CPU.ActiveCfg = Release|Any CPU
		{DB5F93D4-C188-43FC-AC9B-90C4709FD77D}.Release|Any CPU.Build.0 = Release|Any CPU
	EndGlobalSection
	GlobalSection(SolutionProperties) = preSolution
		HideSolutionNode = FALSE
	EndGlobalSection
	GlobalSection(ExtensibilityGlobals) = postSolution
		SolutionGuid = {E0CE81B3-EC47-4A04-AC55-DB68E1A341D4}
	EndGlobalSection
EndGlobal
